
Microsoft Visual Studio Solution File, Format Version 12.00
# Visual Studio Version 16
VisualStudioVersion = 16.0.30503.244
MinimumVisualStudioVersion = 10.0.40219.1
Project("{FAE04EC0-301F-11D3-BF4B-00C04F79EFBC}") = "projAlura01", "projAlura01\projAlura01.csproj", "{F956E8CE-7AA2-48C9-B02D-DA5858C5CA21}"
EndProject
Global
	GlobalSection(SolutionConfigurationPlatforms) = preSolution
		Debug|Any CPU = Debug|Any CPU
		Release|Any CPU = Release|Any CPU
	EndGlobalSection
	GlobalSection(ProjectConfigurationPlatforms) = postSolution
		{F956E8CE-7AA2-48C9-B02D-DA5858C5CA21}.Debug|Any CPU.ActiveCfg = Debug|Any CPU
		{F956E8CE-7AA2-48C9-B02D-DA5858C5CA21}.Debug|Any CPU.Build.0 = Debug|Any CPU
		{F956E8CE-7AA2-48C9-B02D-DA5858C5CA21}.Release|Any CPU.ActiveCfg = Release|Any CPU
		{F956E8CE-7AA2-48C9-B02D-DA5858C5CA21}.Release|Any CPU.Build.0 = Release|Any CPU
	EndGlobalSection
	GlobalSection(SolutionProperties) = preSolution
		HideSolutionNode = FALSE
	EndGlobalSection
	GlobalSection(ExtensibilityGlobals) = postSolution
		SolutionGuid = {BB86C2C2-48CC-425F-B16C-DD3C49BCF44F}
	EndGlobalSection
EndGlobal
